
Microsoft Visual Studio Solution File, Format Version 12.00
# Visual Studio 2012
Project("{FAE04EC0-301F-11D3-BF4B-00C04F79EFBC}") = "DbUpgrader", "DbUpgrader\DbUpgrader.csproj", "{BADAF88E-A264-41ED-9963-CD9FE1F53925}"
EndProject
Project("{FAE04EC0-301F-11D3-BF4B-00C04F79EFBC}") = "DbUpgrader.Tests", "DbUpgrader.Tests\DbUpgrader.Tests.csproj", "{7D98F45A-9FEE-417C-BE0A-0C5F9BE8DAFD}"
EndProject
Project("{FAE04EC0-301F-11D3-BF4B-00C04F79EFBC}") = "DbUpgrader.Contracts", "DbUpgrader.Contracts\DbUpgrader.Contracts.csproj", "{6601D24E-648B-4ABD-B87E-0C0F4E2A30C1}"
EndProject
Project("{FAE04EC0-301F-11D3-BF4B-00C04F79EFBC}") = "DbUpgrader.Tests.FakeService", "DbUpgrader.Tests.FakeService\DbUpgrader.Tests.FakeService.csproj", "{625F2C0E-F3CB-4EAD-957F-4A9F1228EC69}"
EndProject
Global
	GlobalSection(SolutionConfigurationPlatforms) = preSolution
		Debug|Any CPU = Debug|Any CPU
		Release|Any CPU = Release|Any CPU
	EndGlobalSection
	GlobalSection(ProjectConfigurationPlatforms) = postSolution
		{BADAF88E-A264-41ED-9963-CD9FE1F53925}.Debug|Any CPU.ActiveCfg = Debug|Any CPU
		{BADAF88E-A264-41ED-9963-CD9FE1F53925}.Debug|Any CPU.Build.0 = Debug|Any CPU
		{BADAF88E-A264-41ED-9963-CD9FE1F53925}.Release|Any CPU.ActiveCfg = Release|Any CPU
		{BADAF88E-A264-41ED-9963-CD9FE1F53925}.Release|Any CPU.Build.0 = Release|Any CPU
		{7D98F45A-9FEE-417C-BE0A-0C5F9BE8DAFD}.Debug|Any CPU.ActiveCfg = Debug|Any CPU
		{7D98F45A-9FEE-417C-BE0A-0C5F9BE8DAFD}.Debug|Any CPU.Build.0 = Debug|Any CPU
		{7D98F45A-9FEE-417C-BE0A-0C5F9BE8DAFD}.Release|Any CPU.ActiveCfg = Release|Any CPU
		{7D98F45A-9FEE-417C-BE0A-0C5F9BE8DAFD}.Release|Any CPU.Build.0 = Release|Any CPU
		{6601D24E-648B-4ABD-B87E-0C0F4E2A30C1}.Debug|Any CPU.ActiveCfg = Debug|Any CPU
		{6601D24E-648B-4ABD-B87E-0C0F4E2A30C1}.Debug|Any CPU.Build.0 = Debug|Any CPU
		{6601D24E-648B-4ABD-B87E-0C0F4E2A30C1}.Release|Any CPU.ActiveCfg = Release|Any CPU
		{6601D24E-648B-4ABD-B87E-0C0F4E2A30C1}.Release|Any CPU.Build.0 = Release|Any CPU
		{625F2C0E-F3CB-4EAD-957F-4A9F1228EC69}.Debug|Any CPU.ActiveCfg = Debug|Any CPU
		{625F2C0E-F3CB-4EAD-957F-4A9F1228EC69}.Debug|Any CPU.Build.0 = Debug|Any CPU
		{625F2C0E-F3CB-4EAD-957F-4A9F1228EC69}.Release|Any CPU.ActiveCfg = Release|Any CPU
		{625F2C0E-F3CB-4EAD-957F-4A9F1228EC69}.Release|Any CPU.Build.0 = Release|Any CPU
	EndGlobalSection
	GlobalSection(SolutionProperties) = preSolution
		HideSolutionNode = FALSE
	EndGlobalSection
EndGlobal
