Microsoft Visual Studio Solution File, Format Version 12.00
# Visual Studio 15
VisualStudioVersion = 15.0.26228.9
MinimumVisualStudioVersion = 15.0.26124.0
Project("{2150E333-8FDC-42A3-9474-1A3956D46DE8}") = "src", "src", "{92F12197-E106-4DD0-BEB1-DF528FE17D88}"
EndProject
Project("{9A19103F-16F7-4668-BE54-9A1E7A4F7556}") = "Executioner", "src\Executioner\Executioner.csproj", "{A5ED40B1-4018-496C-9835-033CCA1BD58A}"
EndProject
Project("{2150E333-8FDC-42A3-9474-1A3956D46DE8}") = "tests", "tests", "{3E9ECDE4-3003-441C-9061-94FF8F38F174}"
EndProject
Project("{9A19103F-16F7-4668-BE54-9A1E7A4F7556}") = "Executioner.ExtensionMethods.Tests", "tests\Executioner.ExtensionMethods.Tests\Executioner.ExtensionMethods.Tests.csproj", "{50E8F3A4-90AF-4439-8045-8795FDC1702B}"
EndProject
Project("{9A19103F-16F7-4668-BE54-9A1E7A4F7556}") = "Executioner.Tests", "tests\Executioner.Tests\Executioner.Tests.csproj", "{8247E165-0F46-455F-B84C-3DA869928930}"
EndProject
Project("{9A19103F-16F7-4668-BE54-9A1E7A4F7556}") = "Logger.FileSystem.Tests", "tests\Logger.FileSystem.Tests\Logger.FileSystem.Tests.csproj", "{A2313723-3E33-431B-97D4-46510A4BD703}"
EndProject
Project("{9A19103F-16F7-4668-BE54-9A1E7A4F7556}") = "ScriptExecutor.CSharp.Tests.TestClasses", "tests\ScriptExecutor.CSharp.Tests.TestClasses\ScriptExecutor.CSharp.Tests.TestClasses.csproj", "{11865FB7-D04E-4495-A888-7E511E007C1C}"
EndProject
Project("{9A19103F-16F7-4668-BE54-9A1E7A4F7556}") = "ScriptExecutor.CSharp.Tests", "tests\ScriptExecutor.CSharp.Tests\ScriptExecutor.CSharp.Tests.csproj", "{0D1749F0-B9F5-4B1B-9B74-EA42F7C6154E}"
EndProject
Project("{9A19103F-16F7-4668-BE54-9A1E7A4F7556}") = "ScriptExecutor.SqlServer.Tests", "tests\ScriptExecutor.SqlServer.Tests\ScriptExecutor.SqlServer.Tests.csproj", "{B8E8E9AE-8D4C-45DF-B002-70A075682810}"
EndProject
Project("{9A19103F-16F7-4668-BE54-9A1E7A4F7556}") = "ScriptLoader.Tests.AnotherFakeService", "tests\ScriptLoader.Tests.AnotherFakeService\ScriptLoader.Tests.AnotherFakeService.csproj", "{2CF15AC4-DF49-474B-8E8F-6C96AF6849AE}"
EndProject
Project("{9A19103F-16F7-4668-BE54-9A1E7A4F7556}") = "ScriptLoader.Tests.FakeService", "tests\ScriptLoader.Tests.FakeService\ScriptLoader.Tests.FakeService.csproj", "{9D3F14E1-23E9-462C-B607-8F0E0BCC8348}"
EndProject
Project("{9A19103F-16F7-4668-BE54-9A1E7A4F7556}") = "ScriptLoader.Tests", "tests\ScriptLoader.Tests\ScriptLoader.Tests.csproj", "{14C6D2D7-264E-4930-A5D3-59F0F8539BA9}"
EndProject
Global
	GlobalSection(SolutionConfigurationPlatforms) = preSolution
		Debug|Any CPU = Debug|Any CPU
		Debug|x64 = Debug|x64
		Debug|x86 = Debug|x86
		Release|Any CPU = Release|Any CPU
		Release|x64 = Release|x64
		Release|x86 = Release|x86
	EndGlobalSection
	GlobalSection(ProjectConfigurationPlatforms) = postSolution
		{A5ED40B1-4018-496C-9835-033CCA1BD58A}.Debug|Any CPU.ActiveCfg = Debug|Any CPU
		{A5ED40B1-4018-496C-9835-033CCA1BD58A}.Debug|Any CPU.Build.0 = Debug|Any CPU
		{A5ED40B1-4018-496C-9835-033CCA1BD58A}.Debug|x64.ActiveCfg = Debug|Any CPU
		{A5ED40B1-4018-496C-9835-033CCA1BD58A}.Debug|x64.Build.0 = Debug|Any CPU
		{A5ED40B1-4018-496C-9835-033CCA1BD58A}.Debug|x86.ActiveCfg = Debug|Any CPU
		{A5ED40B1-4018-496C-9835-033CCA1BD58A}.Debug|x86.Build.0 = Debug|Any CPU
		{A5ED40B1-4018-496C-9835-033CCA1BD58A}.Release|Any CPU.ActiveCfg = Release|Any CPU
		{A5ED40B1-4018-496C-9835-033CCA1BD58A}.Release|Any CPU.Build.0 = Release|Any CPU
		{A5ED40B1-4018-496C-9835-033CCA1BD58A}.Release|x64.ActiveCfg = Release|Any CPU
		{A5ED40B1-4018-496C-9835-033CCA1BD58A}.Release|x64.Build.0 = Release|Any CPU
		{A5ED40B1-4018-496C-9835-033CCA1BD58A}.Release|x86.ActiveCfg = Release|Any CPU
		{A5ED40B1-4018-496C-9835-033CCA1BD58A}.Release|x86.Build.0 = Release|Any CPU
		{50E8F3A4-90AF-4439-8045-8795FDC1702B}.Debug|Any CPU.ActiveCfg = Debug|Any CPU
		{50E8F3A4-90AF-4439-8045-8795FDC1702B}.Debug|Any CPU.Build.0 = Debug|Any CPU
		{50E8F3A4-90AF-4439-8045-8795FDC1702B}.Debug|x64.ActiveCfg = Debug|Any CPU
		{50E8F3A4-90AF-4439-8045-8795FDC1702B}.Debug|x64.Build.0 = Debug|Any CPU
		{50E8F3A4-90AF-4439-8045-8795FDC1702B}.Debug|x86.ActiveCfg = Debug|Any CPU
		{50E8F3A4-90AF-4439-8045-8795FDC1702B}.Debug|x86.Build.0 = Debug|Any CPU
		{50E8F3A4-90AF-4439-8045-8795FDC1702B}.Release|Any CPU.ActiveCfg = Release|Any CPU
		{50E8F3A4-90AF-4439-8045-8795FDC1702B}.Release|Any CPU.Build.0 = Release|Any CPU
		{50E8F3A4-90AF-4439-8045-8795FDC1702B}.Release|x64.ActiveCfg = Release|Any CPU
		{50E8F3A4-90AF-4439-8045-8795FDC1702B}.Release|x64.Build.0 = Release|Any CPU
		{50E8F3A4-90AF-4439-8045-8795FDC1702B}.Release|x86.ActiveCfg = Release|Any CPU
		{50E8F3A4-90AF-4439-8045-8795FDC1702B}.Release|x86.Build.0 = Release|Any CPU
		{8247E165-0F46-455F-B84C-3DA869928930}.Debug|Any CPU.ActiveCfg = Debug|Any CPU
		{8247E165-0F46-455F-B84C-3DA869928930}.Debug|Any CPU.Build.0 = Debug|Any CPU
		{8247E165-0F46-455F-B84C-3DA869928930}.Debug|x64.ActiveCfg = Debug|Any CPU
		{8247E165-0F46-455F-B84C-3DA869928930}.Debug|x64.Build.0 = Debug|Any CPU
		{8247E165-0F46-455F-B84C-3DA869928930}.Debug|x86.ActiveCfg = Debug|Any CPU
		{8247E165-0F46-455F-B84C-3DA869928930}.Debug|x86.Build.0 = Debug|Any CPU
		{8247E165-0F46-455F-B84C-3DA869928930}.Release|Any CPU.ActiveCfg = Release|Any CPU
		{8247E165-0F46-455F-B84C-3DA869928930}.Release|Any CPU.Build.0 = Release|Any CPU
		{8247E165-0F46-455F-B84C-3DA869928930}.Release|x64.ActiveCfg = Release|Any CPU
		{8247E165-0F46-455F-B84C-3DA869928930}.Release|x64.Build.0 = Release|Any CPU
		{8247E165-0F46-455F-B84C-3DA869928930}.Release|x86.ActiveCfg = Release|Any CPU
		{8247E165-0F46-455F-B84C-3DA869928930}.Release|x86.Build.0 = Release|Any CPU
		{A2313723-3E33-431B-97D4-46510A4BD703}.Debug|Any CPU.ActiveCfg = Debug|Any CPU
		{A2313723-3E33-431B-97D4-46510A4BD703}.Debug|Any CPU.Build.0 = Debug|Any CPU
		{A2313723-3E33-431B-97D4-46510A4BD703}.Debug|x64.ActiveCfg = Debug|Any CPU
		{A2313723-3E33-431B-97D4-46510A4BD703}.Debug|x64.Build.0 = Debug|Any CPU
		{A2313723-3E33-431B-97D4-46510A4BD703}.Debug|x86.ActiveCfg = Debug|Any CPU
		{A2313723-3E33-431B-97D4-46510A4BD703}.Debug|x86.Build.0 = Debug|Any CPU
		{A2313723-3E33-431B-97D4-46510A4BD703}.Release|Any CPU.ActiveCfg = Release|Any CPU
		{A2313723-3E33-431B-97D4-46510A4BD703}.Release|Any CPU.Build.0 = Release|Any CPU
		{A2313723-3E33-431B-97D4-46510A4BD703}.Release|x64.ActiveCfg = Release|Any CPU
		{A2313723-3E33-431B-97D4-46510A4BD703}.Release|x64.Build.0 = Release|Any CPU
		{A2313723-3E33-431B-97D4-46510A4BD703}.Release|x86.ActiveCfg = Release|Any CPU
		{A2313723-3E33-431B-97D4-46510A4BD703}.Release|x86.Build.0 = Release|Any CPU
		{11865FB7-D04E-4495-A888-7E511E007C1C}.Debug|Any CPU.ActiveCfg = Debug|Any CPU
		{11865FB7-D04E-4495-A888-7E511E007C1C}.Debug|Any CPU.Build.0 = Debug|Any CPU
		{11865FB7-D04E-4495-A888-7E511E007C1C}.Debug|x64.ActiveCfg = Debug|Any CPU
		{11865FB7-D04E-4495-A888-7E511E007C1C}.Debug|x64.Build.0 = Debug|Any CPU
		{11865FB7-D04E-4495-A888-7E511E007C1C}.Debug|x86.ActiveCfg = Debug|Any CPU
		{11865FB7-D04E-4495-A888-7E511E007C1C}.Debug|x86.Build.0 = Debug|Any CPU
		{11865FB7-D04E-4495-A888-7E511E007C1C}.Release|Any CPU.ActiveCfg = Release|Any CPU
		{11865FB7-D04E-4495-A888-7E511E007C1C}.Release|Any CPU.Build.0 = Release|Any CPU
		{11865FB7-D04E-4495-A888-7E511E007C1C}.Release|x64.ActiveCfg = Release|Any CPU
		{11865FB7-D04E-4495-A888-7E511E007C1C}.Release|x64.Build.0 = Release|Any CPU
		{11865FB7-D04E-4495-A888-7E511E007C1C}.Release|x86.ActiveCfg = Release|Any CPU
		{11865FB7-D04E-4495-A888-7E511E007C1C}.Release|x86.Build.0 = Release|Any CPU
		{0D1749F0-B9F5-4B1B-9B74-EA42F7C6154E}.Debug|Any CPU.ActiveCfg = Debug|Any CPU
		{0D1749F0-B9F5-4B1B-9B74-EA42F7C6154E}.Debug|Any CPU.Build.0 = Debug|Any CPU
		{0D1749F0-B9F5-4B1B-9B74-EA42F7C6154E}.Debug|x64.ActiveCfg = Debug|Any CPU
		{0D1749F0-B9F5-4B1B-9B74-EA42F7C6154E}.Debug|x64.Build.0 = Debug|Any CPU
		{0D1749F0-B9F5-4B1B-9B74-EA42F7C6154E}.Debug|x86.ActiveCfg = Debug|Any CPU
		{0D1749F0-B9F5-4B1B-9B74-EA42F7C6154E}.Debug|x86.Build.0 = Debug|Any CPU
		{0D1749F0-B9F5-4B1B-9B74-EA42F7C6154E}.Release|Any CPU.ActiveCfg = Release|Any CPU
		{0D1749F0-B9F5-4B1B-9B74-EA42F7C6154E}.Release|Any CPU.Build.0 = Release|Any CPU
		{0D1749F0-B9F5-4B1B-9B74-EA42F7C6154E}.Release|x64.ActiveCfg = Release|Any CPU
		{0D1749F0-B9F5-4B1B-9B74-EA42F7C6154E}.Release|x64.Build.0 = Release|Any CPU
		{0D1749F0-B9F5-4B1B-9B74-EA42F7C6154E}.Release|x86.ActiveCfg = Release|Any CPU
		{0D1749F0-B9F5-4B1B-9B74-EA42F7C6154E}.Release|x86.Build.0 = Release|Any CPU
		{B8E8E9AE-8D4C-45DF-B002-70A075682810}.Debug|Any CPU.ActiveCfg = Debug|Any CPU
		{B8E8E9AE-8D4C-45DF-B002-70A075682810}.Debug|Any CPU.Build.0 = Debug|Any CPU
		{B8E8E9AE-8D4C-45DF-B002-70A075682810}.Debug|x64.ActiveCfg = Debug|Any CPU
		{B8E8E9AE-8D4C-45DF-B002-70A075682810}.Debug|x64.Build.0 = Debug|Any CPU
		{B8E8E9AE-8D4C-45DF-B002-70A075682810}.Debug|x86.ActiveCfg = Debug|Any CPU
		{B8E8E9AE-8D4C-45DF-B002-70A075682810}.Debug|x86.Build.0 = Debug|Any CPU
		{B8E8E9AE-8D4C-45DF-B002-70A075682810}.Release|Any CPU.ActiveCfg = Release|Any CPU
		{B8E8E9AE-8D4C-45DF-B002-70A075682810}.Release|Any CPU.Build.0 = Release|Any CPU
		{B8E8E9AE-8D4C-45DF-B002-70A075682810}.Release|x64.ActiveCfg = Release|Any CPU
		{B8E8E9AE-8D4C-45DF-B002-70A075682810}.Release|x64.Build.0 = Release|Any CPU
		{B8E8E9AE-8D4C-45DF-B002-70A075682810}.Release|x86.ActiveCfg = Release|Any CPU
		{B8E8E9AE-8D4C-45DF-B002-70A075682810}.Release|x86.Build.0 = Release|Any CPU
		{2CF15AC4-DF49-474B-8E8F-6C96AF6849AE}.Debug|Any CPU.ActiveCfg = Debug|Any CPU
		{2CF15AC4-DF49-474B-8E8F-6C96AF6849AE}.Debug|Any CPU.Build.0 = Debug|Any CPU
		{2CF15AC4-DF49-474B-8E8F-6C96AF6849AE}.Debug|x64.ActiveCfg = Debug|Any CPU
		{2CF15AC4-DF49-474B-8E8F-6C96AF6849AE}.Debug|x64.Build.0 = Debug|Any CPU
		{2CF15AC4-DF49-474B-8E8F-6C96AF6849AE}.Debug|x86.ActiveCfg = Debug|Any CPU
		{2CF15AC4-DF49-474B-8E8F-6C96AF6849AE}.Debug|x86.Build.0 = Debug|Any CPU
		{2CF15AC4-DF49-474B-8E8F-6C96AF6849AE}.Release|Any CPU.ActiveCfg = Release|Any CPU
		{2CF15AC4-DF49-474B-8E8F-6C96AF6849AE}.Release|Any CPU.Build.0 = Release|Any CPU
		{2CF15AC4-DF49-474B-8E8F-6C96AF6849AE}.Release|x64.ActiveCfg = Release|Any CPU
		{2CF15AC4-DF49-474B-8E8F-6C96AF6849AE}.Release|x64.Build.0 = Release|Any CPU
		{2CF15AC4-DF49-474B-8E8F-6C96AF6849AE}.Release|x86.ActiveCfg = Release|Any CPU
		{2CF15AC4-DF49-474B-8E8F-6C96AF6849AE}.Release|x86.Build.0 = Release|Any CPU
		{9D3F14E1-23E9-462C-B607-8F0E0BCC8348}.Debug|Any CPU.ActiveCfg = Debug|Any CPU
		{9D3F14E1-23E9-462C-B607-8F0E0BCC8348}.Debug|Any CPU.Build.0 = Debug|Any CPU
		{9D3F14E1-23E9-462C-B607-8F0E0BCC8348}.Debug|x64.ActiveCfg = Debug|Any CPU
		{9D3F14E1-23E9-462C-B607-8F0E0BCC8348}.Debug|x64.Build.0 = Debug|Any CPU
		{9D3F14E1-23E9-462C-B607-8F0E0BCC8348}.Debug|x86.ActiveCfg = Debug|Any CPU
		{9D3F14E1-23E9-462C-B607-8F0E0BCC8348}.Debug|x86.Build.0 = Debug|Any CPU
		{9D3F14E1-23E9-462C-B607-8F0E0BCC8348}.Release|Any CPU.ActiveCfg = Release|Any CPU
		{9D3F14E1-23E9-462C-B607-8F0E0BCC8348}.Release|Any CPU.Build.0 = Release|Any CPU
		{9D3F14E1-23E9-462C-B607-8F0E0BCC8348}.Release|x64.ActiveCfg = Release|Any CPU
		{9D3F14E1-23E9-462C-B607-8F0E0BCC8348}.Release|x64.Build.0 = Release|Any CPU
		{9D3F14E1-23E9-462C-B607-8F0E0BCC8348}.Release|x86.ActiveCfg = Release|Any CPU
		{9D3F14E1-23E9-462C-B607-8F0E0BCC8348}.Release|x86.Build.0 = Release|Any CPU
		{14C6D2D7-264E-4930-A5D3-59F0F8539BA9}.Debug|Any CPU.ActiveCfg = Debug|Any CPU
		{14C6D2D7-264E-4930-A5D3-59F0F8539BA9}.Debug|Any CPU.Build.0 = Debug|Any CPU
		{14C6D2D7-264E-4930-A5D3-59F0F8539BA9}.Debug|x64.ActiveCfg = Debug|Any CPU
		{14C6D2D7-264E-4930-A5D3-59F0F8539BA9}.Debug|x64.Build.0 = Debug|Any CPU
		{14C6D2D7-264E-4930-A5D3-59F0F8539BA9}.Debug|x86.ActiveCfg = Debug|Any CPU
		{14C6D2D7-264E-4930-A5D3-59F0F8539BA9}.Debug|x86.Build.0 = Debug|Any CPU
		{14C6D2D7-264E-4930-A5D3-59F0F8539BA9}.Release|Any CPU.ActiveCfg = Release|Any CPU
		{14C6D2D7-264E-4930-A5D3-59F0F8539BA9}.Release|Any CPU.Build.0 = Release|Any CPU
		{14C6D2D7-264E-4930-A5D3-59F0F8539BA9}.Release|x64.ActiveCfg = Release|Any CPU
		{14C6D2D7-264E-4930-A5D3-59F0F8539BA9}.Release|x64.Build.0 = Release|Any CPU
		{14C6D2D7-264E-4930-A5D3-59F0F8539BA9}.Release|x86.ActiveCfg = Release|Any CPU
		{14C6D2D7-264E-4930-A5D3-59F0F8539BA9}.Release|x86.Build.0 = Release|Any CPU
	EndGlobalSection
	GlobalSection(SolutionProperties) = preSolution
		HideSolutionNode = FALSE
	EndGlobalSection
	GlobalSection(NestedProjects) = preSolution
		{A5ED40B1-4018-496C-9835-033CCA1BD58A} = {92F12197-E106-4DD0-BEB1-DF528FE17D88}
		{50E8F3A4-90AF-4439-8045-8795FDC1702B} = {3E9ECDE4-3003-441C-9061-94FF8F38F174}
		{8247E165-0F46-455F-B84C-3DA869928930} = {3E9ECDE4-3003-441C-9061-94FF8F38F174}
		{A2313723-3E33-431B-97D4-46510A4BD703} = {3E9ECDE4-3003-441C-9061-94FF8F38F174}
		{11865FB7-D04E-4495-A888-7E511E007C1C} = {3E9ECDE4-3003-441C-9061-94FF8F38F174}
		{0D1749F0-B9F5-4B1B-9B74-EA42F7C6154E} = {3E9ECDE4-3003-441C-9061-94FF8F38F174}
		{B8E8E9AE-8D4C-45DF-B002-70A075682810} = {3E9ECDE4-3003-441C-9061-94FF8F38F174}
		{2CF15AC4-DF49-474B-8E8F-6C96AF6849AE} = {3E9ECDE4-3003-441C-9061-94FF8F38F174}
		{9D3F14E1-23E9-462C-B607-8F0E0BCC8348} = {3E9ECDE4-3003-441C-9061-94FF8F38F174}
		{14C6D2D7-264E-4930-A5D3-59F0F8539BA9} = {3E9ECDE4-3003-441C-9061-94FF8F38F174}
	EndGlobalSection
EndGlobal
